// !$*UTF8*$!
{
	archiveVersion = 1;
	classes = {
	};
	objectVersion = 56;
	objects = {

/* Begin PBXBuildFile section */
		043F226B2B69CD0D00E9B2D1 /* VoltixApp.swift in Sources */ = {isa = PBXBuildFile; fileRef = 043F226A2B69CD0D00E9B2D1 /* VoltixApp.swift */; };
		043F226D2B69CD0D00E9B2D1 /* ContentView.swift in Sources */ = {isa = PBXBuildFile; fileRef = 043F226C2B69CD0D00E9B2D1 /* ContentView.swift */; };
		043F226F2B69CD1100E9B2D1 /* Assets.xcassets in Resources */ = {isa = PBXBuildFile; fileRef = 043F226E2B69CD1100E9B2D1 /* Assets.xcassets */; };
		043F22722B69CD1100E9B2D1 /* Preview Assets.xcassets in Resources */ = {isa = PBXBuildFile; fileRef = 043F22712B69CD1100E9B2D1 /* Preview Assets.xcassets */; };
		043F227C2B69CD1100E9B2D1 /* VoltixTests.swift in Sources */ = {isa = PBXBuildFile; fileRef = 043F227B2B69CD1100E9B2D1 /* VoltixTests.swift */; };
		043F22862B69CD1100E9B2D1 /* VoltixUITests.swift in Sources */ = {isa = PBXBuildFile; fileRef = 043F22852B69CD1100E9B2D1 /* VoltixUITests.swift */; };
		043F22882B69CD1100E9B2D1 /* VoltixUITestsLaunchTests.swift in Sources */ = {isa = PBXBuildFile; fileRef = 043F22872B69CD1100E9B2D1 /* VoltixUITestsLaunchTests.swift */; };
		043F22992B69CE0D00E9B2D1 /* Logo.swift in Sources */ = {isa = PBXBuildFile; fileRef = 043F22982B69CE0D00E9B2D1 /* Logo.swift */; };
		043F229B2B69D73E00E9B2D1 /*  StartVoltixView.swift in Sources */ = {isa = PBXBuildFile; fileRef = 043F229A2B69D73E00E9B2D1 /*  StartVoltixView.swift */; };
		04C2612B2B6A31E700D0E5C7 /* HeaderView.swift in Sources */ = {isa = PBXBuildFile; fileRef = 04C2612A2B6A31E700D0E5C7 /* HeaderView.swift */; };
		04C2612D2B6A3E5200D0E5C7 /* LargeButton.swift in Sources */ = {isa = PBXBuildFile; fileRef = 04C2612C2B6A3E5200D0E5C7 /* LargeButton.swift */; };
		04C2612F2B6A3F8A00D0E5C7 /* StartView.swift in Sources */ = {isa = PBXBuildFile; fileRef = 04C2612E2B6A3F8A00D0E5C7 /* StartView.swift */; };
		04C261332B6A46BF00D0E5C7 /* BottomBar.swift in Sources */ = {isa = PBXBuildFile; fileRef = 04C261322B6A46BF00D0E5C7 /* BottomBar.swift */; };
		04C261352B6A496E00D0E5C7 /* ImportContinueView.swift in Sources */ = {isa = PBXBuildFile; fileRef = 04C261342B6A496E00D0E5C7 /* ImportContinueView.swift */; };
		04C261372B6A4C4700D0E5C7 /* SetupView.swift in Sources */ = {isa = PBXBuildFile; fileRef = 04C261362B6A4C4700D0E5C7 /* SetupView.swift */; };
		04C261392B6A53AE00D0E5C7 /* DeviceView.swift in Sources */ = {isa = PBXBuildFile; fileRef = 04C261382B6A53AE00D0E5C7 /* DeviceView.swift */; };
		04C2613B2B6A6D4800D0E5C7 /* PairView.swift in Sources */ = {isa = PBXBuildFile; fileRef = 04C2613A2B6A6D4800D0E5C7 /* PairView.swift */; };
		04C2613D2B6A758B00D0E5C7 /* DoneView.swift in Sources */ = {isa = PBXBuildFile; fileRef = 04C2613C2B6A758B00D0E5C7 /* DoneView.swift */; };
		04C261412B6A762400D0E5C7 /* AddressItem.swift in Sources */ = {isa = PBXBuildFile; fileRef = 04C261402B6A762400D0E5C7 /* AddressItem.swift */; };
		04C261452B6AB73700D0E5C7 /* RadioButtonGroup.swift in Sources */ = {isa = PBXBuildFile; fileRef = 04C261442B6AB73700D0E5C7 /* RadioButtonGroup.swift */; };
		04C261472B6AC18300D0E5C7 /* MenuItem.swift in Sources */ = {isa = PBXBuildFile; fileRef = 04C261462B6AC18300D0E5C7 /* MenuItem.swift */; };
		04C2614B2B6AC8FD00D0E5C7 /* MenuView.swift in Sources */ = {isa = PBXBuildFile; fileRef = 04C2614A2B6AC8FD00D0E5C7 /* MenuView.swift */; };
		04C2614D2B6AD18200D0E5C7 /* AssetsView.swift in Sources */ = {isa = PBXBuildFile; fileRef = 04C2614C2B6AD18200D0E5C7 /* AssetsView.swift */; };
		04C2614F2B6AD26E00D0E5C7 /* VaultView.swift in Sources */ = {isa = PBXBuildFile; fileRef = 04C2614E2B6AD26E00D0E5C7 /* VaultView.swift */; };
		04C261512B6AD53B00D0E5C7 /* Choose.swift in Sources */ = {isa = PBXBuildFile; fileRef = 04C261502B6AD53B00D0E5C7 /* Choose.swift */; };
		04C261532B6AD70F00D0E5C7 /* VaultItem.swift in Sources */ = {isa = PBXBuildFile; fileRef = 04C261522B6AD70F00D0E5C7 /* VaultItem.swift */; };
		04C261552B6AEA8F00D0E5C7 /* TokensView.swift in Sources */ = {isa = PBXBuildFile; fileRef = 04C261542B6AEA8F00D0E5C7 /* TokensView.swift */; };
		04C261572B6B05B700D0E5C7 /* NetworksView.swift in Sources */ = {isa = PBXBuildFile; fileRef = 04C261562B6B05B700D0E5C7 /* NetworksView.swift */; };
		04C261592B6B06A600D0E5C7 /* NetItem.swift in Sources */ = {isa = PBXBuildFile; fileRef = 04C261582B6B06A600D0E5C7 /* NetItem.swift */; };
		04C2615B2B6B17C100D0E5C7 /* SendCheckView.swift in Sources */ = {isa = PBXBuildFile; fileRef = 04C2615A2B6B17C100D0E5C7 /* SendCheckView.swift */; };
		04C2615D2B6B195900D0E5C7 /* WifiBar.swift in Sources */ = {isa = PBXBuildFile; fileRef = 04C2615C2B6B195900D0E5C7 /* WifiBar.swift */; };
		04C2615F2B6B1BB300D0E5C7 /* SendVerifyView.swift in Sources */ = {isa = PBXBuildFile; fileRef = 04C2615E2B6B1BB300D0E5C7 /* SendVerifyView.swift */; };
		04C261612B6B1F2F00D0E5C7 /* SendDoneView.swift in Sources */ = {isa = PBXBuildFile; fileRef = 04C261602B6B1F2F00D0E5C7 /* SendDoneView.swift */; };
		04C261632B6B2AF900D0E5C7 /* SendDetailView.swift in Sources */ = {isa = PBXBuildFile; fileRef = 04C261622B6B2AF900D0E5C7 /* SendDetailView.swift */; };
		04C261652B6B322700D0E5C7 /* SwapVerifyView.swift in Sources */ = {isa = PBXBuildFile; fileRef = 04C261642B6B322700D0E5C7 /* SwapVerifyView.swift */; };
		04C261672B6B351E00D0E5C7 /* SwapDoneView.swift in Sources */ = {isa = PBXBuildFile; fileRef = 04C261662B6B351E00D0E5C7 /* SwapDoneView.swift */; };
		04C261692B6B4D6400D0E5C7 /* SwapPairView.swift in Sources */ = {isa = PBXBuildFile; fileRef = 04C261682B6B4D6400D0E5C7 /* SwapPairView.swift */; };
		04C2616B2B6B873300D0E5C7 /* SwapDetailView.swift in Sources */ = {isa = PBXBuildFile; fileRef = 04C2616A2B6B873300D0E5C7 /* SwapDetailView.swift */; };
		04C2617E2B6B94C600D0E5C7 /* Montserrat.ttf in Resources */ = {isa = PBXBuildFile; fileRef = 04C2617C2B6B94C600D0E5C7 /* Montserrat.ttf */; };
		04C2617F2B6B94C600D0E5C7 /* Menlo.ttf in Resources */ = {isa = PBXBuildFile; fileRef = 04C2617D2B6B94C600D0E5C7 /* Menlo.ttf */; };
/* End PBXBuildFile section */

/* Begin PBXContainerItemProxy section */
		043F22782B69CD1100E9B2D1 /* PBXContainerItemProxy */ = {
			isa = PBXContainerItemProxy;
			containerPortal = 043F225F2B69CD0D00E9B2D1 /* Project object */;
			proxyType = 1;
			remoteGlobalIDString = 043F22662B69CD0D00E9B2D1;
			remoteInfo = Voltix;
		};
		043F22822B69CD1100E9B2D1 /* PBXContainerItemProxy */ = {
			isa = PBXContainerItemProxy;
			containerPortal = 043F225F2B69CD0D00E9B2D1 /* Project object */;
			proxyType = 1;
			remoteGlobalIDString = 043F22662B69CD0D00E9B2D1;
			remoteInfo = Voltix;
		};
/* End PBXContainerItemProxy section */

/* Begin PBXFileReference section */
		043F22672B69CD0D00E9B2D1 /* Voltix.app */ = {isa = PBXFileReference; explicitFileType = wrapper.application; includeInIndex = 0; path = Voltix.app; sourceTree = BUILT_PRODUCTS_DIR; };
		043F226A2B69CD0D00E9B2D1 /* VoltixApp.swift */ = {isa = PBXFileReference; lastKnownFileType = sourcecode.swift; path = VoltixApp.swift; sourceTree = "<group>"; };
		043F226C2B69CD0D00E9B2D1 /* ContentView.swift */ = {isa = PBXFileReference; lastKnownFileType = sourcecode.swift; path = ContentView.swift; sourceTree = "<group>"; };
		043F226E2B69CD1100E9B2D1 /* Assets.xcassets */ = {isa = PBXFileReference; lastKnownFileType = folder.assetcatalog; path = Assets.xcassets; sourceTree = "<group>"; };
		043F22712B69CD1100E9B2D1 /* Preview Assets.xcassets */ = {isa = PBXFileReference; lastKnownFileType = folder.assetcatalog; path = "Preview Assets.xcassets"; sourceTree = "<group>"; };
		043F22772B69CD1100E9B2D1 /* VoltixTests.xctest */ = {isa = PBXFileReference; explicitFileType = wrapper.cfbundle; includeInIndex = 0; path = VoltixTests.xctest; sourceTree = BUILT_PRODUCTS_DIR; };
		043F227B2B69CD1100E9B2D1 /* VoltixTests.swift */ = {isa = PBXFileReference; lastKnownFileType = sourcecode.swift; path = VoltixTests.swift; sourceTree = "<group>"; };
		043F22812B69CD1100E9B2D1 /* VoltixUITests.xctest */ = {isa = PBXFileReference; explicitFileType = wrapper.cfbundle; includeInIndex = 0; path = VoltixUITests.xctest; sourceTree = BUILT_PRODUCTS_DIR; };
		043F22852B69CD1100E9B2D1 /* VoltixUITests.swift */ = {isa = PBXFileReference; lastKnownFileType = sourcecode.swift; path = VoltixUITests.swift; sourceTree = "<group>"; };
		043F22872B69CD1100E9B2D1 /* VoltixUITestsLaunchTests.swift */ = {isa = PBXFileReference; lastKnownFileType = sourcecode.swift; path = VoltixUITestsLaunchTests.swift; sourceTree = "<group>"; };
		043F22982B69CE0D00E9B2D1 /* Logo.swift */ = {isa = PBXFileReference; lastKnownFileType = sourcecode.swift; path = Logo.swift; sourceTree = "<group>"; };
		043F229A2B69D73E00E9B2D1 /*  StartVoltixView.swift */ = {isa = PBXFileReference; lastKnownFileType = sourcecode.swift; path = " StartVoltixView.swift"; sourceTree = "<group>"; };
		04C2612A2B6A31E700D0E5C7 /* HeaderView.swift */ = {isa = PBXFileReference; lastKnownFileType = sourcecode.swift; path = HeaderView.swift; sourceTree = "<group>"; };
		04C2612C2B6A3E5200D0E5C7 /* LargeButton.swift */ = {isa = PBXFileReference; lastKnownFileType = sourcecode.swift; path = LargeButton.swift; sourceTree = "<group>"; };
		04C2612E2B6A3F8A00D0E5C7 /* StartView.swift */ = {isa = PBXFileReference; lastKnownFileType = sourcecode.swift; path = StartView.swift; sourceTree = "<group>"; };
		04C261322B6A46BF00D0E5C7 /* BottomBar.swift */ = {isa = PBXFileReference; lastKnownFileType = sourcecode.swift; path = BottomBar.swift; sourceTree = "<group>"; };
		04C261342B6A496E00D0E5C7 /* ImportContinueView.swift */ = {isa = PBXFileReference; lastKnownFileType = sourcecode.swift; path = ImportContinueView.swift; sourceTree = "<group>"; };
		04C261362B6A4C4700D0E5C7 /* SetupView.swift */ = {isa = PBXFileReference; lastKnownFileType = sourcecode.swift; path = SetupView.swift; sourceTree = "<group>"; };
		04C261382B6A53AE00D0E5C7 /* DeviceView.swift */ = {isa = PBXFileReference; lastKnownFileType = sourcecode.swift; path = DeviceView.swift; sourceTree = "<group>"; };
		04C2613A2B6A6D4800D0E5C7 /* PairView.swift */ = {isa = PBXFileReference; lastKnownFileType = sourcecode.swift; path = PairView.swift; sourceTree = "<group>"; };
		04C2613C2B6A758B00D0E5C7 /* DoneView.swift */ = {isa = PBXFileReference; lastKnownFileType = sourcecode.swift; path = DoneView.swift; sourceTree = "<group>"; };
		04C261402B6A762400D0E5C7 /* AddressItem.swift */ = {isa = PBXFileReference; lastKnownFileType = sourcecode.swift; path = AddressItem.swift; sourceTree = "<group>"; };
		04C261442B6AB73700D0E5C7 /* RadioButtonGroup.swift */ = {isa = PBXFileReference; lastKnownFileType = sourcecode.swift; path = RadioButtonGroup.swift; sourceTree = "<group>"; };
		04C261462B6AC18300D0E5C7 /* MenuItem.swift */ = {isa = PBXFileReference; lastKnownFileType = sourcecode.swift; path = MenuItem.swift; sourceTree = "<group>"; };
		04C2614A2B6AC8FD00D0E5C7 /* MenuView.swift */ = {isa = PBXFileReference; lastKnownFileType = sourcecode.swift; path = MenuView.swift; sourceTree = "<group>"; };
		04C2614C2B6AD18200D0E5C7 /* AssetsView.swift */ = {isa = PBXFileReference; lastKnownFileType = sourcecode.swift; path = AssetsView.swift; sourceTree = "<group>"; };
		04C2614E2B6AD26E00D0E5C7 /* VaultView.swift */ = {isa = PBXFileReference; lastKnownFileType = sourcecode.swift; path = VaultView.swift; sourceTree = "<group>"; };
		04C261502B6AD53B00D0E5C7 /* Choose.swift */ = {isa = PBXFileReference; lastKnownFileType = sourcecode.swift; path = Choose.swift; sourceTree = "<group>"; };
		04C261522B6AD70F00D0E5C7 /* VaultItem.swift */ = {isa = PBXFileReference; lastKnownFileType = sourcecode.swift; path = VaultItem.swift; sourceTree = "<group>"; };
		04C261542B6AEA8F00D0E5C7 /* TokensView.swift */ = {isa = PBXFileReference; lastKnownFileType = sourcecode.swift; path = TokensView.swift; sourceTree = "<group>"; };
		04C261562B6B05B700D0E5C7 /* NetworksView.swift */ = {isa = PBXFileReference; lastKnownFileType = sourcecode.swift; path = NetworksView.swift; sourceTree = "<group>"; };
		04C261582B6B06A600D0E5C7 /* NetItem.swift */ = {isa = PBXFileReference; lastKnownFileType = sourcecode.swift; path = NetItem.swift; sourceTree = "<group>"; };
		04C2615A2B6B17C100D0E5C7 /* SendCheckView.swift */ = {isa = PBXFileReference; lastKnownFileType = sourcecode.swift; path = SendCheckView.swift; sourceTree = "<group>"; };
		04C2615C2B6B195900D0E5C7 /* WifiBar.swift */ = {isa = PBXFileReference; lastKnownFileType = sourcecode.swift; path = WifiBar.swift; sourceTree = "<group>"; };
		04C2615E2B6B1BB300D0E5C7 /* SendVerifyView.swift */ = {isa = PBXFileReference; lastKnownFileType = sourcecode.swift; path = SendVerifyView.swift; sourceTree = "<group>"; };
		04C261602B6B1F2F00D0E5C7 /* SendDoneView.swift */ = {isa = PBXFileReference; lastKnownFileType = sourcecode.swift; path = SendDoneView.swift; sourceTree = "<group>"; };
		04C261622B6B2AF900D0E5C7 /* SendDetailView.swift */ = {isa = PBXFileReference; lastKnownFileType = sourcecode.swift; path = SendDetailView.swift; sourceTree = "<group>"; };
		04C261642B6B322700D0E5C7 /* SwapVerifyView.swift */ = {isa = PBXFileReference; lastKnownFileType = sourcecode.swift; path = SwapVerifyView.swift; sourceTree = "<group>"; };
		04C261662B6B351E00D0E5C7 /* SwapDoneView.swift */ = {isa = PBXFileReference; lastKnownFileType = sourcecode.swift; path = SwapDoneView.swift; sourceTree = "<group>"; };
		04C261682B6B4D6400D0E5C7 /* SwapPairView.swift */ = {isa = PBXFileReference; lastKnownFileType = sourcecode.swift; path = SwapPairView.swift; sourceTree = "<group>"; };
		04C2616A2B6B873300D0E5C7 /* SwapDetailView.swift */ = {isa = PBXFileReference; lastKnownFileType = sourcecode.swift; path = SwapDetailView.swift; sourceTree = "<group>"; };
		04C2617B2B6B93CC00D0E5C7 /* Info.plist */ = {isa = PBXFileReference; lastKnownFileType = text.plist; path = Info.plist; sourceTree = "<group>"; };
		04C2617C2B6B94C600D0E5C7 /* Montserrat.ttf */ = {isa = PBXFileReference; lastKnownFileType = file; path = Montserrat.ttf; sourceTree = "<group>"; };
		04C2617D2B6B94C600D0E5C7 /* Menlo.ttf */ = {isa = PBXFileReference; lastKnownFileType = file; path = Menlo.ttf; sourceTree = "<group>"; };
/* End PBXFileReference section */

/* Begin PBXFrameworksBuildPhase section */
		043F22642B69CD0D00E9B2D1 /* Frameworks */ = {
			isa = PBXFrameworksBuildPhase;
			buildActionMask = 2147483647;
			files = (
			);
			runOnlyForDeploymentPostprocessing = 0;
		};
		043F22742B69CD1100E9B2D1 /* Frameworks */ = {
			isa = PBXFrameworksBuildPhase;
			buildActionMask = 2147483647;
			files = (
			);
			runOnlyForDeploymentPostprocessing = 0;
		};
		043F227E2B69CD1100E9B2D1 /* Frameworks */ = {
			isa = PBXFrameworksBuildPhase;
			buildActionMask = 2147483647;
			files = (
			);
			runOnlyForDeploymentPostprocessing = 0;
		};
/* End PBXFrameworksBuildPhase section */

/* Begin PBXGroup section */
		043F225E2B69CD0D00E9B2D1 = {
			isa = PBXGroup;
			children = (
				043F22692B69CD0D00E9B2D1 /* Voltix */,
				043F227A2B69CD1100E9B2D1 /* VoltixTests */,
				043F22842B69CD1100E9B2D1 /* VoltixUITests */,
				043F22682B69CD0D00E9B2D1 /* Products */,
			);
			sourceTree = "<group>";
		};
		043F22682B69CD0D00E9B2D1 /* Products */ = {
			isa = PBXGroup;
			children = (
				043F22672B69CD0D00E9B2D1 /* Voltix.app */,
				043F22772B69CD1100E9B2D1 /* VoltixTests.xctest */,
				043F22812B69CD1100E9B2D1 /* VoltixUITests.xctest */,
			);
			name = Products;
			sourceTree = "<group>";
		};
		043F22692B69CD0D00E9B2D1 /* Voltix */ = {
			isa = PBXGroup;
			children = (
				04C2617B2B6B93CC00D0E5C7 /* Info.plist */,
				04C2617A2B6B935B00D0E5C7 /* Fonts */,
				043F22952B69CD3E00E9B2D1 /* Views */,
				043F22942B69CD2300E9B2D1 /* Components */,
				043F226A2B69CD0D00E9B2D1 /* VoltixApp.swift */,
				043F226C2B69CD0D00E9B2D1 /* ContentView.swift */,
				043F226E2B69CD1100E9B2D1 /* Assets.xcassets */,
				043F22702B69CD1100E9B2D1 /* Preview Content */,
			);
			path = Voltix;
			sourceTree = "<group>";
		};
		043F22702B69CD1100E9B2D1 /* Preview Content */ = {
			isa = PBXGroup;
			children = (
				043F22712B69CD1100E9B2D1 /* Preview Assets.xcassets */,
			);
			path = "Preview Content";
			sourceTree = "<group>";
		};
		043F227A2B69CD1100E9B2D1 /* VoltixTests */ = {
			isa = PBXGroup;
			children = (
				043F227B2B69CD1100E9B2D1 /* VoltixTests.swift */,
			);
			path = VoltixTests;
			sourceTree = "<group>";
		};
		043F22842B69CD1100E9B2D1 /* VoltixUITests */ = {
			isa = PBXGroup;
			children = (
				043F22852B69CD1100E9B2D1 /* VoltixUITests.swift */,
				043F22872B69CD1100E9B2D1 /* VoltixUITestsLaunchTests.swift */,
			);
			path = VoltixUITests;
			sourceTree = "<group>";
		};
		043F22942B69CD2300E9B2D1 /* Components */ = {
			isa = PBXGroup;
			children = (
				04C261462B6AC18300D0E5C7 /* MenuItem.swift */,
				04C261382B6A53AE00D0E5C7 /* DeviceView.swift */,
				043F22982B69CE0D00E9B2D1 /* Logo.swift */,
				04C2612A2B6A31E700D0E5C7 /* HeaderView.swift */,
				04C2612C2B6A3E5200D0E5C7 /* LargeButton.swift */,
				04C261322B6A46BF00D0E5C7 /* BottomBar.swift */,
				04C261402B6A762400D0E5C7 /* AddressItem.swift */,
				04C261442B6AB73700D0E5C7 /* RadioButtonGroup.swift */,
				04C2614C2B6AD18200D0E5C7 /* AssetsView.swift */,
				04C261502B6AD53B00D0E5C7 /* Choose.swift */,
				04C261522B6AD70F00D0E5C7 /* VaultItem.swift */,
				04C261582B6B06A600D0E5C7 /* NetItem.swift */,
				04C2615C2B6B195900D0E5C7 /* WifiBar.swift */,
			);
			path = Components;
			sourceTree = "<group>";
		};
		043F22952B69CD3E00E9B2D1 /* Views */ = {
			isa = PBXGroup;
			children = (
				043F229A2B69D73E00E9B2D1 /*  StartVoltixView.swift */,
				04C2612E2B6A3F8A00D0E5C7 /* StartView.swift */,
				04C261342B6A496E00D0E5C7 /* ImportContinueView.swift */,
				04C261362B6A4C4700D0E5C7 /* SetupView.swift */,
				04C2613A2B6A6D4800D0E5C7 /* PairView.swift */,
				04C2613C2B6A758B00D0E5C7 /* DoneView.swift */,
				04C2614A2B6AC8FD00D0E5C7 /* MenuView.swift */,
				04C2614E2B6AD26E00D0E5C7 /* VaultView.swift */,
				04C261542B6AEA8F00D0E5C7 /* TokensView.swift */,
				04C261562B6B05B700D0E5C7 /* NetworksView.swift */,
				04C2615A2B6B17C100D0E5C7 /* SendCheckView.swift */,
				04C2615E2B6B1BB300D0E5C7 /* SendVerifyView.swift */,
				04C261602B6B1F2F00D0E5C7 /* SendDoneView.swift */,
				04C261622B6B2AF900D0E5C7 /* SendDetailView.swift */,
				04C261642B6B322700D0E5C7 /* SwapVerifyView.swift */,
				04C261662B6B351E00D0E5C7 /* SwapDoneView.swift */,
				04C261682B6B4D6400D0E5C7 /* SwapPairView.swift */,
				04C2616A2B6B873300D0E5C7 /* SwapDetailView.swift */,
			);
			path = Views;
			sourceTree = "<group>";
		};
		04C2617A2B6B935B00D0E5C7 /* Fonts */ = {
			isa = PBXGroup;
			children = (
				04C2617D2B6B94C600D0E5C7 /* Menlo.ttf */,
				04C2617C2B6B94C600D0E5C7 /* Montserrat.ttf */,
			);
			path = Fonts;
			sourceTree = "<group>";
		};
/* End PBXGroup section */

/* Begin PBXNativeTarget section */
		043F22662B69CD0D00E9B2D1 /* Voltix */ = {
			isa = PBXNativeTarget;
			buildConfigurationList = 043F228B2B69CD1100E9B2D1 /* Build configuration list for PBXNativeTarget "Voltix" */;
			buildPhases = (
				043F22632B69CD0D00E9B2D1 /* Sources */,
				043F22642B69CD0D00E9B2D1 /* Frameworks */,
				043F22652B69CD0D00E9B2D1 /* Resources */,
			);
			buildRules = (
			);
			dependencies = (
			);
			name = Voltix;
			productName = Voltix;
			productReference = 043F22672B69CD0D00E9B2D1 /* Voltix.app */;
			productType = "com.apple.product-type.application";
		};
		043F22762B69CD1100E9B2D1 /* VoltixTests */ = {
			isa = PBXNativeTarget;
			buildConfigurationList = 043F228E2B69CD1100E9B2D1 /* Build configuration list for PBXNativeTarget "VoltixTests" */;
			buildPhases = (
				043F22732B69CD1100E9B2D1 /* Sources */,
				043F22742B69CD1100E9B2D1 /* Frameworks */,
				043F22752B69CD1100E9B2D1 /* Resources */,
			);
			buildRules = (
			);
			dependencies = (
				043F22792B69CD1100E9B2D1 /* PBXTargetDependency */,
			);
			name = VoltixTests;
			productName = VoltixTests;
			productReference = 043F22772B69CD1100E9B2D1 /* VoltixTests.xctest */;
			productType = "com.apple.product-type.bundle.unit-test";
		};
		043F22802B69CD1100E9B2D1 /* VoltixUITests */ = {
			isa = PBXNativeTarget;
			buildConfigurationList = 043F22912B69CD1100E9B2D1 /* Build configuration list for PBXNativeTarget "VoltixUITests" */;
			buildPhases = (
				043F227D2B69CD1100E9B2D1 /* Sources */,
				043F227E2B69CD1100E9B2D1 /* Frameworks */,
				043F227F2B69CD1100E9B2D1 /* Resources */,
			);
			buildRules = (
			);
			dependencies = (
				043F22832B69CD1100E9B2D1 /* PBXTargetDependency */,
			);
			name = VoltixUITests;
			productName = VoltixUITests;
			productReference = 043F22812B69CD1100E9B2D1 /* VoltixUITests.xctest */;
			productType = "com.apple.product-type.bundle.ui-testing";
		};
/* End PBXNativeTarget section */

/* Begin PBXProject section */
		043F225F2B69CD0D00E9B2D1 /* Project object */ = {
			isa = PBXProject;
			attributes = {
				BuildIndependentTargetsInParallel = 1;
				LastSwiftUpdateCheck = 1500;
				LastUpgradeCheck = 1500;
				TargetAttributes = {
					043F22662B69CD0D00E9B2D1 = {
						CreatedOnToolsVersion = 15.0.1;
					};
					043F22762B69CD1100E9B2D1 = {
						CreatedOnToolsVersion = 15.0.1;
						TestTargetID = 043F22662B69CD0D00E9B2D1;
					};
					043F22802B69CD1100E9B2D1 = {
						CreatedOnToolsVersion = 15.0.1;
						TestTargetID = 043F22662B69CD0D00E9B2D1;
					};
				};
			};
			buildConfigurationList = 043F22622B69CD0D00E9B2D1 /* Build configuration list for PBXProject "Voltix" */;
			compatibilityVersion = "Xcode 14.0";
			developmentRegion = en;
			hasScannedForEncodings = 0;
			knownRegions = (
				en,
				Base,
			);
			mainGroup = 043F225E2B69CD0D00E9B2D1;
			productRefGroup = 043F22682B69CD0D00E9B2D1 /* Products */;
			projectDirPath = "";
			projectRoot = "";
			targets = (
				043F22662B69CD0D00E9B2D1 /* Voltix */,
				043F22762B69CD1100E9B2D1 /* VoltixTests */,
				043F22802B69CD1100E9B2D1 /* VoltixUITests */,
			);
		};
/* End PBXProject section */

/* Begin PBXResourcesBuildPhase section */
		043F22652B69CD0D00E9B2D1 /* Resources */ = {
			isa = PBXResourcesBuildPhase;
			buildActionMask = 2147483647;
			files = (
				04C2617F2B6B94C600D0E5C7 /* Menlo.ttf in Resources */,
				043F22722B69CD1100E9B2D1 /* Preview Assets.xcassets in Resources */,
				04C2617E2B6B94C600D0E5C7 /* Montserrat.ttf in Resources */,
				043F226F2B69CD1100E9B2D1 /* Assets.xcassets in Resources */,
			);
			runOnlyForDeploymentPostprocessing = 0;
		};
		043F22752B69CD1100E9B2D1 /* Resources */ = {
			isa = PBXResourcesBuildPhase;
			buildActionMask = 2147483647;
			files = (
			);
			runOnlyForDeploymentPostprocessing = 0;
		};
		043F227F2B69CD1100E9B2D1 /* Resources */ = {
			isa = PBXResourcesBuildPhase;
			buildActionMask = 2147483647;
			files = (
			);
			runOnlyForDeploymentPostprocessing = 0;
		};
/* End PBXResourcesBuildPhase section */

/* Begin PBXSourcesBuildPhase section */
		043F22632B69CD0D00E9B2D1 /* Sources */ = {
			isa = PBXSourcesBuildPhase;
			buildActionMask = 2147483647;
			files = (
				04C261472B6AC18300D0E5C7 /* MenuItem.swift in Sources */,
				04C2615F2B6B1BB300D0E5C7 /* SendVerifyView.swift in Sources */,
				04C261512B6AD53B00D0E5C7 /* Choose.swift in Sources */,
				04C2614F2B6AD26E00D0E5C7 /* VaultView.swift in Sources */,
				04C2615D2B6B195900D0E5C7 /* WifiBar.swift in Sources */,
				04C261412B6A762400D0E5C7 /* AddressItem.swift in Sources */,
				04C2613B2B6A6D4800D0E5C7 /* PairView.swift in Sources */,
				04C261452B6AB73700D0E5C7 /* RadioButtonGroup.swift in Sources */,
				04C2612B2B6A31E700D0E5C7 /* HeaderView.swift in Sources */,
				04C261672B6B351E00D0E5C7 /* SwapDoneView.swift in Sources */,
				04C2614D2B6AD18200D0E5C7 /* AssetsView.swift in Sources */,
				043F229B2B69D73E00E9B2D1 /*  StartVoltixView.swift in Sources */,
				04C261592B6B06A600D0E5C7 /* NetItem.swift in Sources */,
				04C261392B6A53AE00D0E5C7 /* DeviceView.swift in Sources */,
				04C261632B6B2AF900D0E5C7 /* SendDetailView.swift in Sources */,
				04C261332B6A46BF00D0E5C7 /* BottomBar.swift in Sources */,
				04C261552B6AEA8F00D0E5C7 /* TokensView.swift in Sources */,
				043F226D2B69CD0D00E9B2D1 /* ContentView.swift in Sources */,
				04C261572B6B05B700D0E5C7 /* NetworksView.swift in Sources */,
				04C261372B6A4C4700D0E5C7 /* SetupView.swift in Sources */,
				04C2615B2B6B17C100D0E5C7 /* SendCheckView.swift in Sources */,
				043F22992B69CE0D00E9B2D1 /* Logo.swift in Sources */,
				04C261532B6AD70F00D0E5C7 /* VaultItem.swift in Sources */,
				043F226B2B69CD0D00E9B2D1 /* VoltixApp.swift in Sources */,
				04C261652B6B322700D0E5C7 /* SwapVerifyView.swift in Sources */,
				04C2614B2B6AC8FD00D0E5C7 /* MenuView.swift in Sources */,
				04C2613D2B6A758B00D0E5C7 /* DoneView.swift in Sources */,
				04C2612D2B6A3E5200D0E5C7 /* LargeButton.swift in Sources */,
				04C261352B6A496E00D0E5C7 /* ImportContinueView.swift in Sources */,
				04C2612F2B6A3F8A00D0E5C7 /* StartView.swift in Sources */,
				04C261612B6B1F2F00D0E5C7 /* SendDoneView.swift in Sources */,
				04C2616B2B6B873300D0E5C7 /* SwapDetailView.swift in Sources */,
				04C261692B6B4D6400D0E5C7 /* SwapPairView.swift in Sources */,
			);
			runOnlyForDeploymentPostprocessing = 0;
		};
		043F22732B69CD1100E9B2D1 /* Sources */ = {
			isa = PBXSourcesBuildPhase;
			buildActionMask = 2147483647;
			files = (
				043F227C2B69CD1100E9B2D1 /* VoltixTests.swift in Sources */,
			);
			runOnlyForDeploymentPostprocessing = 0;
		};
		043F227D2B69CD1100E9B2D1 /* Sources */ = {
			isa = PBXSourcesBuildPhase;
			buildActionMask = 2147483647;
			files = (
				043F22882B69CD1100E9B2D1 /* VoltixUITestsLaunchTests.swift in Sources */,
				043F22862B69CD1100E9B2D1 /* VoltixUITests.swift in Sources */,
			);
			runOnlyForDeploymentPostprocessing = 0;
		};
/* End PBXSourcesBuildPhase section */

/* Begin PBXTargetDependency section */
		043F22792B69CD1100E9B2D1 /* PBXTargetDependency */ = {
			isa = PBXTargetDependency;
			target = 043F22662B69CD0D00E9B2D1 /* Voltix */;
			targetProxy = 043F22782B69CD1100E9B2D1 /* PBXContainerItemProxy */;
		};
		043F22832B69CD1100E9B2D1 /* PBXTargetDependency */ = {
			isa = PBXTargetDependency;
			target = 043F22662B69CD0D00E9B2D1 /* Voltix */;
			targetProxy = 043F22822B69CD1100E9B2D1 /* PBXContainerItemProxy */;
		};
/* End PBXTargetDependency section */

/* Begin XCBuildConfiguration section */
		043F22892B69CD1100E9B2D1 /* Debug */ = {
			isa = XCBuildConfiguration;
			buildSettings = {
				ALWAYS_SEARCH_USER_PATHS = NO;
				ASSETCATALOG_COMPILER_GENERATE_SWIFT_ASSET_SYMBOL_EXTENSIONS = YES;
				CLANG_ANALYZER_NONNULL = YES;
				CLANG_ANALYZER_NUMBER_OBJECT_CONVERSION = YES_AGGRESSIVE;
				CLANG_CXX_LANGUAGE_STANDARD = "gnu++20";
				CLANG_ENABLE_MODULES = YES;
				CLANG_ENABLE_OBJC_ARC = YES;
				CLANG_ENABLE_OBJC_WEAK = YES;
				CLANG_WARN_BLOCK_CAPTURE_AUTORELEASING = YES;
				CLANG_WARN_BOOL_CONVERSION = YES;
				CLANG_WARN_COMMA = YES;
				CLANG_WARN_CONSTANT_CONVERSION = YES;
				CLANG_WARN_DEPRECATED_OBJC_IMPLEMENTATIONS = YES;
				CLANG_WARN_DIRECT_OBJC_ISA_USAGE = YES_ERROR;
				CLANG_WARN_DOCUMENTATION_COMMENTS = YES;
				CLANG_WARN_EMPTY_BODY = YES;
				CLANG_WARN_ENUM_CONVERSION = YES;
				CLANG_WARN_INFINITE_RECURSION = YES;
				CLANG_WARN_INT_CONVERSION = YES;
				CLANG_WARN_NON_LITERAL_NULL_CONVERSION = YES;
				CLANG_WARN_OBJC_IMPLICIT_RETAIN_SELF = YES;
				CLANG_WARN_OBJC_LITERAL_CONVERSION = YES;
				CLANG_WARN_OBJC_ROOT_CLASS = YES_ERROR;
				CLANG_WARN_QUOTED_INCLUDE_IN_FRAMEWORK_HEADER = YES;
				CLANG_WARN_RANGE_LOOP_ANALYSIS = YES;
				CLANG_WARN_STRICT_PROTOTYPES = YES;
				CLANG_WARN_SUSPICIOUS_MOVE = YES;
				CLANG_WARN_UNGUARDED_AVAILABILITY = YES_AGGRESSIVE;
				CLANG_WARN_UNREACHABLE_CODE = YES;
				CLANG_WARN__DUPLICATE_METHOD_MATCH = YES;
				COPY_PHASE_STRIP = NO;
				DEBUG_INFORMATION_FORMAT = dwarf;
				ENABLE_STRICT_OBJC_MSGSEND = YES;
				ENABLE_TESTABILITY = YES;
				ENABLE_USER_SCRIPT_SANDBOXING = YES;
				GCC_C_LANGUAGE_STANDARD = gnu17;
				GCC_DYNAMIC_NO_PIC = NO;
				GCC_NO_COMMON_BLOCKS = YES;
				GCC_OPTIMIZATION_LEVEL = 0;
				GCC_PREPROCESSOR_DEFINITIONS = (
					"DEBUG=1",
					"$(inherited)",
				);
				GCC_WARN_64_TO_32_BIT_CONVERSION = YES;
				GCC_WARN_ABOUT_RETURN_TYPE = YES_ERROR;
				GCC_WARN_UNDECLARED_SELECTOR = YES;
				GCC_WARN_UNINITIALIZED_AUTOS = YES_AGGRESSIVE;
				GCC_WARN_UNUSED_FUNCTION = YES;
				GCC_WARN_UNUSED_VARIABLE = YES;
				IPHONEOS_DEPLOYMENT_TARGET = 17.0;
				LOCALIZATION_PREFERS_STRING_CATALOGS = YES;
				MTL_ENABLE_DEBUG_INFO = INCLUDE_SOURCE;
				MTL_FAST_MATH = YES;
				ONLY_ACTIVE_ARCH = YES;
				SDKROOT = iphoneos;
				SWIFT_ACTIVE_COMPILATION_CONDITIONS = "DEBUG $(inherited)";
				SWIFT_OPTIMIZATION_LEVEL = "-Onone";
			};
			name = Debug;
		};
		043F228A2B69CD1100E9B2D1 /* Release */ = {
			isa = XCBuildConfiguration;
			buildSettings = {
				ALWAYS_SEARCH_USER_PATHS = NO;
				ASSETCATALOG_COMPILER_GENERATE_SWIFT_ASSET_SYMBOL_EXTENSIONS = YES;
				CLANG_ANALYZER_NONNULL = YES;
				CLANG_ANALYZER_NUMBER_OBJECT_CONVERSION = YES_AGGRESSIVE;
				CLANG_CXX_LANGUAGE_STANDARD = "gnu++20";
				CLANG_ENABLE_MODULES = YES;
				CLANG_ENABLE_OBJC_ARC = YES;
				CLANG_ENABLE_OBJC_WEAK = YES;
				CLANG_WARN_BLOCK_CAPTURE_AUTORELEASING = YES;
				CLANG_WARN_BOOL_CONVERSION = YES;
				CLANG_WARN_COMMA = YES;
				CLANG_WARN_CONSTANT_CONVERSION = YES;
				CLANG_WARN_DEPRECATED_OBJC_IMPLEMENTATIONS = YES;
				CLANG_WARN_DIRECT_OBJC_ISA_USAGE = YES_ERROR;
				CLANG_WARN_DOCUMENTATION_COMMENTS = YES;
				CLANG_WARN_EMPTY_BODY = YES;
				CLANG_WARN_ENUM_CONVERSION = YES;
				CLANG_WARN_INFINITE_RECURSION = YES;
				CLANG_WARN_INT_CONVERSION = YES;
				CLANG_WARN_NON_LITERAL_NULL_CONVERSION = YES;
				CLANG_WARN_OBJC_IMPLICIT_RETAIN_SELF = YES;
				CLANG_WARN_OBJC_LITERAL_CONVERSION = YES;
				CLANG_WARN_OBJC_ROOT_CLASS = YES_ERROR;
				CLANG_WARN_QUOTED_INCLUDE_IN_FRAMEWORK_HEADER = YES;
				CLANG_WARN_RANGE_LOOP_ANALYSIS = YES;
				CLANG_WARN_STRICT_PROTOTYPES = YES;
				CLANG_WARN_SUSPICIOUS_MOVE = YES;
				CLANG_WARN_UNGUARDED_AVAILABILITY = YES_AGGRESSIVE;
				CLANG_WARN_UNREACHABLE_CODE = YES;
				CLANG_WARN__DUPLICATE_METHOD_MATCH = YES;
				COPY_PHASE_STRIP = NO;
				DEBUG_INFORMATION_FORMAT = "dwarf-with-dsym";
				ENABLE_NS_ASSERTIONS = NO;
				ENABLE_STRICT_OBJC_MSGSEND = YES;
				ENABLE_USER_SCRIPT_SANDBOXING = YES;
				GCC_C_LANGUAGE_STANDARD = gnu17;
				GCC_NO_COMMON_BLOCKS = YES;
				GCC_WARN_64_TO_32_BIT_CONVERSION = YES;
				GCC_WARN_ABOUT_RETURN_TYPE = YES_ERROR;
				GCC_WARN_UNDECLARED_SELECTOR = YES;
				GCC_WARN_UNINITIALIZED_AUTOS = YES_AGGRESSIVE;
				GCC_WARN_UNUSED_FUNCTION = YES;
				GCC_WARN_UNUSED_VARIABLE = YES;
				IPHONEOS_DEPLOYMENT_TARGET = 17.0;
				LOCALIZATION_PREFERS_STRING_CATALOGS = YES;
				MTL_ENABLE_DEBUG_INFO = NO;
				MTL_FAST_MATH = YES;
				SDKROOT = iphoneos;
				SWIFT_COMPILATION_MODE = wholemodule;
				VALIDATE_PRODUCT = YES;
			};
			name = Release;
		};
		043F228C2B69CD1100E9B2D1 /* Debug */ = {
			isa = XCBuildConfiguration;
			buildSettings = {
				ASSETCATALOG_COMPILER_APPICON_NAME = AppIcon;
				ASSETCATALOG_COMPILER_GLOBAL_ACCENT_COLOR_NAME = AccentColor;
				CODE_SIGN_STYLE = Automatic;
				CURRENT_PROJECT_VERSION = 1;
				DEVELOPMENT_ASSET_PATHS = "\"Voltix/Preview Content\"";
				ENABLE_PREVIEWS = YES;
				GENERATE_INFOPLIST_FILE = YES;
				INFOPLIST_FILE = Voltix/Info.plist;
				INFOPLIST_KEY_UIApplicationSceneManifest_Generation = YES;
				INFOPLIST_KEY_UIApplicationSupportsIndirectInputEvents = YES;
				INFOPLIST_KEY_UILaunchScreen_Generation = YES;
				INFOPLIST_KEY_UISupportedInterfaceOrientations_iPad = "UIInterfaceOrientationPortrait UIInterfaceOrientationPortraitUpsideDown UIInterfaceOrientationLandscapeLeft UIInterfaceOrientationLandscapeRight";
				INFOPLIST_KEY_UISupportedInterfaceOrientations_iPhone = "UIInterfaceOrientationPortrait UIInterfaceOrientationLandscapeLeft UIInterfaceOrientationLandscapeRight";
				LD_RUNPATH_SEARCH_PATHS = (
					"$(inherited)",
					"@executable_path/Frameworks",
				);
				MARKETING_VERSION = 1.0;
				PRODUCT_BUNDLE_IDENTIFIER = com.example.Voltix;
				PRODUCT_NAME = "$(TARGET_NAME)";
				SWIFT_EMIT_LOC_STRINGS = YES;
				SWIFT_VERSION = 5.0;
				TARGETED_DEVICE_FAMILY = "1,2";
			};
			name = Debug;
		};
		043F228D2B69CD1100E9B2D1 /* Release */ = {
			isa = XCBuildConfiguration;
			buildSettings = {
				ASSETCATALOG_COMPILER_APPICON_NAME = AppIcon;
				ASSETCATALOG_COMPILER_GLOBAL_ACCENT_COLOR_NAME = AccentColor;
				CODE_SIGN_STYLE = Automatic;
				CURRENT_PROJECT_VERSION = 1;
				DEVELOPMENT_ASSET_PATHS = "\"Voltix/Preview Content\"";
				ENABLE_PREVIEWS = YES;
				GENERATE_INFOPLIST_FILE = YES;
				INFOPLIST_FILE = Voltix/Info.plist;
				INFOPLIST_KEY_UIApplicationSceneManifest_Generation = YES;
				INFOPLIST_KEY_UIApplicationSupportsIndirectInputEvents = YES;
				INFOPLIST_KEY_UILaunchScreen_Generation = YES;
				INFOPLIST_KEY_UISupportedInterfaceOrientations_iPad = "UIInterfaceOrientationPortrait UIInterfaceOrientationPortraitUpsideDown UIInterfaceOrientationLandscapeLeft UIInterfaceOrientationLandscapeRight";
				INFOPLIST_KEY_UISupportedInterfaceOrientations_iPhone = "UIInterfaceOrientationPortrait UIInterfaceOrientationLandscapeLeft UIInterfaceOrientationLandscapeRight";
				LD_RUNPATH_SEARCH_PATHS = (
					"$(inherited)",
					"@executable_path/Frameworks",
				);
				MARKETING_VERSION = 1.0;
				PRODUCT_BUNDLE_IDENTIFIER = com.example.Voltix;
				PRODUCT_NAME = "$(TARGET_NAME)";
				SWIFT_EMIT_LOC_STRINGS = YES;
				SWIFT_VERSION = 5.0;
				TARGETED_DEVICE_FAMILY = "1,2";
			};
			name = Release;
		};
		043F228F2B69CD1100E9B2D1 /* Debug */ = {
			isa = XCBuildConfiguration;
			buildSettings = {
				ALWAYS_EMBED_SWIFT_STANDARD_LIBRARIES = YES;
				BUNDLE_LOADER = "$(TEST_HOST)";
				CODE_SIGN_STYLE = Automatic;
				CURRENT_PROJECT_VERSION = 1;
				GENERATE_INFOPLIST_FILE = YES;
				IPHONEOS_DEPLOYMENT_TARGET = 17.0;
				MARKETING_VERSION = 1.0;
				PRODUCT_BUNDLE_IDENTIFIER = com.example.VoltixTests;
				PRODUCT_NAME = "$(TARGET_NAME)";
				SWIFT_EMIT_LOC_STRINGS = NO;
				SWIFT_VERSION = 5.0;
				TARGETED_DEVICE_FAMILY = "1,2";
				TEST_HOST = "$(BUILT_PRODUCTS_DIR)/Voltix.app/$(BUNDLE_EXECUTABLE_FOLDER_PATH)/Voltix";
			};
			name = Debug;
		};
		043F22902B69CD1100E9B2D1 /* Release */ = {
			isa = XCBuildConfiguration;
			buildSettings = {
				ALWAYS_EMBED_SWIFT_STANDARD_LIBRARIES = YES;
				BUNDLE_LOADER = "$(TEST_HOST)";
				CODE_SIGN_STYLE = Automatic;
				CURRENT_PROJECT_VERSION = 1;
				GENERATE_INFOPLIST_FILE = YES;
				IPHONEOS_DEPLOYMENT_TARGET = 17.0;
				MARKETING_VERSION = 1.0;
				PRODUCT_BUNDLE_IDENTIFIER = com.example.VoltixTests;
				PRODUCT_NAME = "$(TARGET_NAME)";
				SWIFT_EMIT_LOC_STRINGS = NO;
				SWIFT_VERSION = 5.0;
				TARGETED_DEVICE_FAMILY = "1,2";
				TEST_HOST = "$(BUILT_PRODUCTS_DIR)/Voltix.app/$(BUNDLE_EXECUTABLE_FOLDER_PATH)/Voltix";
			};
			name = Release;
		};
		043F22922B69CD1100E9B2D1 /* Debug */ = {
			isa = XCBuildConfiguration;
			buildSettings = {
				ALWAYS_EMBED_SWIFT_STANDARD_LIBRARIES = YES;
				CODE_SIGN_STYLE = Automatic;
				CURRENT_PROJECT_VERSION = 1;
				GENERATE_INFOPLIST_FILE = YES;
				MARKETING_VERSION = 1.0;
				PRODUCT_BUNDLE_IDENTIFIER = com.example.VoltixUITests;
				PRODUCT_NAME = "$(TARGET_NAME)";
				SWIFT_EMIT_LOC_STRINGS = NO;
				SWIFT_VERSION = 5.0;
				TARGETED_DEVICE_FAMILY = "1,2";
				TEST_TARGET_NAME = Voltix;
			};
			name = Debug;
		};
		043F22932B69CD1100E9B2D1 /* Release */ = {
			isa = XCBuildConfiguration;
			buildSettings = {
				ALWAYS_EMBED_SWIFT_STANDARD_LIBRARIES = YES;
				CODE_SIGN_STYLE = Automatic;
				CURRENT_PROJECT_VERSION = 1;
				GENERATE_INFOPLIST_FILE = YES;
				MARKETING_VERSION = 1.0;
				PRODUCT_BUNDLE_IDENTIFIER = com.example.VoltixUITests;
				PRODUCT_NAME = "$(TARGET_NAME)";
				SWIFT_EMIT_LOC_STRINGS = NO;
				SWIFT_VERSION = 5.0;
				TARGETED_DEVICE_FAMILY = "1,2";
				TEST_TARGET_NAME = Voltix;
			};
			name = Release;
		};
/* End XCBuildConfiguration section */

/* Begin XCConfigurationList section */
		043F22622B69CD0D00E9B2D1 /* Build configuration list for PBXProject "Voltix" */ = {
			isa = XCConfigurationList;
			buildConfigurations = (
				043F22892B69CD1100E9B2D1 /* Debug */,
				043F228A2B69CD1100E9B2D1 /* Release */,
			);
			defaultConfigurationIsVisible = 0;
			defaultConfigurationName = Release;
		};
		043F228B2B69CD1100E9B2D1 /* Build configuration list for PBXNativeTarget "Voltix" */ = {
			isa = XCConfigurationList;
			buildConfigurations = (
				043F228C2B69CD1100E9B2D1 /* Debug */,
				043F228D2B69CD1100E9B2D1 /* Release */,
			);
			defaultConfigurationIsVisible = 0;
			defaultConfigurationName = Release;
		};
		043F228E2B69CD1100E9B2D1 /* Build configuration list for PBXNativeTarget "VoltixTests" */ = {
			isa = XCConfigurationList;
			buildConfigurations = (
				043F228F2B69CD1100E9B2D1 /* Debug */,
				043F22902B69CD1100E9B2D1 /* Release */,
			);
			defaultConfigurationIsVisible = 0;
			defaultConfigurationName = Release;
		};
		043F22912B69CD1100E9B2D1 /* Build configuration list for PBXNativeTarget "VoltixUITests" */ = {
			isa = XCConfigurationList;
			buildConfigurations = (
				043F22922B69CD1100E9B2D1 /* Debug */,
				043F22932B69CD1100E9B2D1 /* Release */,
			);
			defaultConfigurationIsVisible = 0;
			defaultConfigurationName = Release;
		};
/* End XCConfigurationList section */
	};
	rootObject = 043F225F2B69CD0D00E9B2D1 /* Project object */;
}
